Microsoft Visual Studio Solution File, Format Version 11.00
# Visual Studio 2008

Project("{349F0997-A9CE-BB49-CC5E-FD1088273C14}") = "VR For the Blind", "Assembly-CSharp-firstpass.csproj", "{CC547771-D085-A31F-1081-825BB6749DC4}"
EndProject
Project("{349F0997-A9CE-BB49-CC5E-FD1088273C14}") = "VR For the Blind", "Assembly-CSharp.csproj", "{72774118-78AD-EED5-4D8C-04D77C1BB405}"
EndProject
Project("{349F0997-A9CE-BB49-CC5E-FD1088273C14}") = "VR For the Blind", "Assembly-CSharp-Editor-firstpass.csproj", "{C44F4474-7D99-59A5-16C3-A20BCEA48F19}"
EndProject
Global
	GlobalSection(SolutionConfigurationPlatforms) = preSolution
		Debug|Any CPU = Debug|Any CPU
		Release|Any CPU = Release|Any CPU
	EndGlobalSection
	GlobalSection(ProjectConfigurationPlatforms) = postSolution
		{CC547771-D085-A31F-1081-825BB6749DC4}.Debug|Any CPU.ActiveCfg = Debug|Any CPU
		{CC547771-D085-A31F-1081-825BB6749DC4}.Debug|Any CPU.Build.0 = Debug|Any CPU
		{CC547771-D085-A31F-1081-825BB6749DC4}.Release|Any CPU.ActiveCfg = Release|Any CPU
		{CC547771-D085-A31F-1081-825BB6749DC4}.Release|Any CPU.Build.0 = Release|Any CPU
		{72774118-78AD-EED5-4D8C-04D77C1BB405}.Debug|Any CPU.ActiveCfg = Debug|Any CPU
		{72774118-78AD-EED5-4D8C-04D77C1BB405}.Debug|Any CPU.Build.0 = Debug|Any CPU
		{72774118-78AD-EED5-4D8C-04D77C1BB405}.Release|Any CPU.ActiveCfg = Release|Any CPU
		{72774118-78AD-EED5-4D8C-04D77C1BB405}.Release|Any CPU.Build.0 = Release|Any CPU
		{C44F4474-7D99-59A5-16C3-A20BCEA48F19}.Debug|Any CPU.ActiveCfg = Debug|Any CPU
		{C44F4474-7D99-59A5-16C3-A20BCEA48F19}.Debug|Any CPU.Build.0 = Debug|Any CPU
		{C44F4474-7D99-59A5-16C3-A20BCEA48F19}.Release|Any CPU.ActiveCfg = Release|Any CPU
		{C44F4474-7D99-59A5-16C3-A20BCEA48F19}.Release|Any CPU.Build.0 = Release|Any CPU
	EndGlobalSection
	GlobalSection(SolutionProperties) = preSolution
		HideSolutionNode = FALSE
	EndGlobalSection
	GlobalSection(MonoDevelopProperties) = preSolution
		StartupItem = Assembly-CSharp.csproj
	EndGlobalSection
EndGlobal
