
Microsoft Visual Studio Solution File, Format Version 12.00
# Visual Studio 2015
Project("{FAE04EC0-301F-11D3-BF4B-00C04F79EFBC}") = "VR For the Blind.Plugins", "VR For the Blind.Plugins.csproj", "{FA035D6E-2441-7B30-3175-D58133070C23}"
EndProject
Project("{FAE04EC0-301F-11D3-BF4B-00C04F79EFBC}") = "VR For the Blind", "VR For the Blind.csproj", "{21009914-9BCC-9C24-3321-8EFBEEA055DE}"
EndProject
Project("{FAE04EC0-301F-11D3-BF4B-00C04F79EFBC}") = "VR For the Blind.Editor.Plugins", "VR For the Blind.Editor.Plugins.csproj", "{9A3A6426-EFAD-0B82-8E07-AEDB9288315E}"
EndProject
Global
	GlobalSection(SolutionConfigurationPlatforms) = preSolution
		Debug|Any CPU = Debug|Any CPU
		Release|Any CPU = Release|Any CPU
	EndGlobalSection
	GlobalSection(ProjectConfigurationPlatforms) = postSolution
		{FA035D6E-2441-7B30-3175-D58133070C23}.Debug|Any CPU.ActiveCfg = Debug|Any CPU
		{FA035D6E-2441-7B30-3175-D58133070C23}.Debug|Any CPU.Build.0 = Debug|Any CPU
		{FA035D6E-2441-7B30-3175-D58133070C23}.Release|Any CPU.ActiveCfg = Release|Any CPU
		{FA035D6E-2441-7B30-3175-D58133070C23}.Release|Any CPU.Build.0 = Release|Any CPU
		{21009914-9BCC-9C24-3321-8EFBEEA055DE}.Debug|Any CPU.ActiveCfg = Debug|Any CPU
		{21009914-9BCC-9C24-3321-8EFBEEA055DE}.Debug|Any CPU.Build.0 = Debug|Any CPU
		{21009914-9BCC-9C24-3321-8EFBEEA055DE}.Release|Any CPU.ActiveCfg = Release|Any CPU
		{21009914-9BCC-9C24-3321-8EFBEEA055DE}.Release|Any CPU.Build.0 = Release|Any CPU
		{9A3A6426-EFAD-0B82-8E07-AEDB9288315E}.Debug|Any CPU.ActiveCfg = Debug|Any CPU
		{9A3A6426-EFAD-0B82-8E07-AEDB9288315E}.Debug|Any CPU.Build.0 = Debug|Any CPU
		{9A3A6426-EFAD-0B82-8E07-AEDB9288315E}.Release|Any CPU.ActiveCfg = Release|Any CPU
		{9A3A6426-EFAD-0B82-8E07-AEDB9288315E}.Release|Any CPU.Build.0 = Release|Any CPU
	EndGlobalSection
	GlobalSection(SolutionProperties) = preSolution
		HideSolutionNode = FALSE
	EndGlobalSection
EndGlobal
